
Microsoft Visual Studio Solution File, Format Version 12.00
# Visual Studio Version 17
VisualStudioVersion = 17.1.32328.378
MinimumVisualStudioVersion = 10.0.40219.1
Project("{9A19103F-16F7-4668-BE54-9A1E7A4F7556}") = "TextToSpeech_Chat_BOT", "TextToSpeech_Chat_BOT.csproj", "{CEDF6D15-1002-46ED-8C40-602740E37CA0}"
EndProject
Global
	GlobalSection(SolutionConfigurationPlatforms) = preSolution
		Debug|Any CPU = Debug|Any CPU
		Release|Any CPU = Release|Any CPU
	EndGlobalSection
	GlobalSection(ProjectConfigurationPlatforms) = postSolution
		{CEDF6D15-1002-46ED-8C40-602740E37CA0}.Debug|Any CPU.ActiveCfg = Debug|Any CPU
		{CEDF6D15-1002-46ED-8C40-602740E37CA0}.Debug|Any CPU.Build.0 = Debug|Any CPU
		{CEDF6D15-1002-46ED-8C40-602740E37CA0}.Release|Any CPU.ActiveCfg = Release|Any CPU
		{CEDF6D15-1002-46ED-8C40-602740E37CA0}.Release|Any CPU.Build.0 = Release|Any CPU
	EndGlobalSection
	GlobalSection(SolutionProperties) = preSolution
		HideSolutionNode = FALSE
	EndGlobalSection
	GlobalSection(ExtensibilityGlobals) = postSolution
		SolutionGuid = {99167F1F-A66C-4A11-8AE8-BBDEB603CAFD}
	EndGlobalSection
EndGlobal
